
Microsoft Visual Studio Solution File, Format Version 12.00
# Visual Studio Version 16
VisualStudioVersion = 16.0.33328.57
MinimumVisualStudioVersion = 10.0.40219.1
Project("{FAE04EC0-301F-11D3-BF4B-00C04F79EFBC}") = "Log Decrypter", "Log Decrypter\Log Decrypter.csproj", "{A3687D4A-D1B8-4E7F-802C-2FCB85B68D9B}"
EndProject
Global
	GlobalSection(SolutionConfigurationPlatforms) = preSolution
		Debug|Any CPU = Debug|Any CPU
		Release|Any CPU = Release|Any CPU
	EndGlobalSection
	GlobalSection(ProjectConfigurationPlatforms) = postSolution
		{A3687D4A-D1B8-4E7F-802C-2FCB85B68D9B}.Debug|Any CPU.ActiveCfg = Debug|Any CPU
		{A3687D4A-D1B8-4E7F-802C-2FCB85B68D9B}.Debug|Any CPU.Build.0 = Debug|Any CPU
		{A3687D4A-D1B8-4E7F-802C-2FCB85B68D9B}.Release|Any CPU.ActiveCfg = Release|Any CPU
		{A3687D4A-D1B8-4E7F-802C-2FCB85B68D9B}.Release|Any CPU.Build.0 = Release|Any CPU
	EndGlobalSection
	GlobalSection(SolutionProperties) = preSolution
		HideSolutionNode = FALSE
	EndGlobalSection
	GlobalSection(ExtensibilityGlobals) = postSolution
		SolutionGuid = {609DCCE9-6A54-4F5D-9D10-A8B35FF5F2B9}
	EndGlobalSection
EndGlobal
